
Microsoft Visual Studio Solution File, Format Version 12.00
# Visual Studio Version 17
VisualStudioVersion = 17.7.34024.191
MinimumVisualStudioVersion = 10.0.40219.1
Project("{FAE04EC0-301F-11D3-BF4B-00C04F79EFBC}") = "InventoryTest", "InventoryTest\InventoryTest.csproj", "{FA68CE09-8266-40BA-8C73-EF9DEF67F7B4}"
EndProject
Global
	GlobalSection(SolutionConfigurationPlatforms) = preSolution
		Debug|Any CPU = Debug|Any CPU
		Release|Any CPU = Release|Any CPU
	EndGlobalSection
	GlobalSection(ProjectConfigurationPlatforms) = postSolution
		{FA68CE09-8266-40BA-8C73-EF9DEF67F7B4}.Debug|Any CPU.ActiveCfg = Debug|Any CPU
		{FA68CE09-8266-40BA-8C73-EF9DEF67F7B4}.Debug|Any CPU.Build.0 = Debug|Any CPU
		{FA68CE09-8266-40BA-8C73-EF9DEF67F7B4}.Release|Any CPU.ActiveCfg = Release|Any CPU
		{FA68CE09-8266-40BA-8C73-EF9DEF67F7B4}.Release|Any CPU.Build.0 = Release|Any CPU
	EndGlobalSection
	GlobalSection(SolutionProperties) = preSolution
		HideSolutionNode = FALSE
	EndGlobalSection
	GlobalSection(ExtensibilityGlobals) = postSolution
		SolutionGuid = {2D0E31EE-5D6C-4631-AB3B-022779B78A54}
	EndGlobalSection
EndGlobal
